
Microsoft Visual Studio Solution File, Format Version 12.00
# Visual Studio Version 17
VisualStudioVersion = 17.0.32014.148
MinimumVisualStudioVersion = 10.0.40219.1
Project("{9A19103F-16F7-4668-BE54-9A1E7A4F7556}") = "SrtWordCount.ConsoleApp", "SrtWordCount.ConsoleApp\SrtWordCount.ConsoleApp.csproj", "{338852F7-713E-470B-97D0-0737689994FF}"
EndProject
Project("{9A19103F-16F7-4668-BE54-9A1E7A4F7556}") = "SrtWordCount.Core", "SrtWordCount.Core\SrtWordCount.Core.csproj", "{567BF8E2-42FF-4EB1-BA13-1B4135A9478C}"
EndProject
Project("{9A19103F-16F7-4668-BE54-9A1E7A4F7556}") = "SrtWordCount.Data", "SrtWordCount.Data\SrtWordCount.Data.csproj", "{74658EB9-49D3-45EE-B345-543545115A11}"
EndProject
Project("{9A19103F-16F7-4668-BE54-9A1E7A4F7556}") = "SrtWordCount.WebApp", "SrtWordCount.WebApp\SrtWordCount.WebApp.csproj", "{9B6A6A4E-6526-4FCF-99AA-8AD253788897}"
EndProject
Global
	GlobalSection(SolutionConfigurationPlatforms) = preSolution
		Debug|Any CPU = Debug|Any CPU
		Release|Any CPU = Release|Any CPU
	EndGlobalSection
	GlobalSection(ProjectConfigurationPlatforms) = postSolution
		{338852F7-713E-470B-97D0-0737689994FF}.Debug|Any CPU.ActiveCfg = Debug|Any CPU
		{338852F7-713E-470B-97D0-0737689994FF}.Debug|Any CPU.Build.0 = Debug|Any CPU
		{338852F7-713E-470B-97D0-0737689994FF}.Release|Any CPU.ActiveCfg = Release|Any CPU
		{338852F7-713E-470B-97D0-0737689994FF}.Release|Any CPU.Build.0 = Release|Any CPU
		{567BF8E2-42FF-4EB1-BA13-1B4135A9478C}.Debug|Any CPU.ActiveCfg = Debug|Any CPU
		{567BF8E2-42FF-4EB1-BA13-1B4135A9478C}.Debug|Any CPU.Build.0 = Debug|Any CPU
		{567BF8E2-42FF-4EB1-BA13-1B4135A9478C}.Release|Any CPU.ActiveCfg = Release|Any CPU
		{567BF8E2-42FF-4EB1-BA13-1B4135A9478C}.Release|Any CPU.Build.0 = Release|Any CPU
		{74658EB9-49D3-45EE-B345-543545115A11}.Debug|Any CPU.ActiveCfg = Debug|Any CPU
		{74658EB9-49D3-45EE-B345-543545115A11}.Debug|Any CPU.Build.0 = Debug|Any CPU
		{74658EB9-49D3-45EE-B345-543545115A11}.Release|Any CPU.ActiveCfg = Release|Any CPU
		{74658EB9-49D3-45EE-B345-543545115A11}.Release|Any CPU.Build.0 = Release|Any CPU
		{9B6A6A4E-6526-4FCF-99AA-8AD253788897}.Debug|Any CPU.ActiveCfg = Debug|Any CPU
		{9B6A6A4E-6526-4FCF-99AA-8AD253788897}.Debug|Any CPU.Build.0 = Debug|Any CPU
		{9B6A6A4E-6526-4FCF-99AA-8AD253788897}.Release|Any CPU.ActiveCfg = Release|Any CPU
		{9B6A6A4E-6526-4FCF-99AA-8AD253788897}.Release|Any CPU.Build.0 = Release|Any CPU
	EndGlobalSection
	GlobalSection(SolutionProperties) = preSolution
		HideSolutionNode = FALSE
	EndGlobalSection
	GlobalSection(ExtensibilityGlobals) = postSolution
		SolutionGuid = {2281CA36-CCBC-4FCD-94C0-9D9DE304DFE0}
	EndGlobalSection
EndGlobal
